
Microsoft Visual Studio Solution File, Format Version 12.00
# Visual Studio Version 16
VisualStudioVersion = 16.0.29123.89
MinimumVisualStudioVersion = 10.0.40219.1
Project("{FAE04EC0-301F-11D3-BF4B-00C04F79EFBC}") = "LambdaExpress", "LambdaExpress\LambdaExpress.csproj", "{959D8289-623D-4028-9FEF-569A5EB84883}"
EndProject
Global
	GlobalSection(SolutionConfigurationPlatforms) = preSolution
		Debug|Any CPU = Debug|Any CPU
		Release|Any CPU = Release|Any CPU
	EndGlobalSection
	GlobalSection(ProjectConfigurationPlatforms) = postSolution
		{959D8289-623D-4028-9FEF-569A5EB84883}.Debug|Any CPU.ActiveCfg = Debug|Any CPU
		{959D8289-623D-4028-9FEF-569A5EB84883}.Debug|Any CPU.Build.0 = Debug|Any CPU
		{959D8289-623D-4028-9FEF-569A5EB84883}.Release|Any CPU.ActiveCfg = Release|Any CPU
		{959D8289-623D-4028-9FEF-569A5EB84883}.Release|Any CPU.Build.0 = Release|Any CPU
	EndGlobalSection
	GlobalSection(SolutionProperties) = preSolution
		HideSolutionNode = FALSE
	EndGlobalSection
	GlobalSection(ExtensibilityGlobals) = postSolution
		SolutionGuid = {3A90967E-B68F-45D3-9014-01CBAA0E0D87}
	EndGlobalSection
EndGlobal
